{
  "version": 4,
  "terraform_version": "1.9.4",
  "serial": 21,
  "lineage": "5efc57d6-549c-f783-7746-e145d105f33f",
  "outputs": {},
  "resources": [
    {
      "mode": "managed",
      "type": "snowflake_role",
      "name": "example_role",
      "provider": "provider[\"registry.terraform.io/snowflake-labs/snowflake\"]",
      "instances": [
        {
          "schema_version": 0,
          "attributes": {
            "comment": "This is an example role created via Terraform",
            "id": "example_role",
            "name": "example_role",
            "tag": []
          },
          "sensitive_attributes": [],
          "private": "bnVsbA=="
        }
      ]
    },
    {
      "mode": "managed",
      "type": "snowflake_role_grants",
      "name": "example_role_grants",
      "provider": "provider[\"registry.terraform.io/snowflake-labs/snowflake\"]",
      "instances": [
        {
          "schema_version": 0,
          "attributes": {
            "enable_multiple_grants": false,
            "id": "example_role||DATAOPSU2",
            "role_name": "example_role",
            "roles": null,
            "users": [
              "DATAOPSU2"
            ]
          },
          "sensitive_attributes": [
            [
              {
                "type": "get_attr",
                "value": "users"
              }
            ]
          ],
          "private": "bnVsbA==",
          "dependencies": [
            "snowflake_role.example_role",
            "snowflake_user.example_user"
          ]
        }
      ]
    },
    {
      "mode": "managed",
      "type": "snowflake_user",
      "name": "example_user",
      "provider": "provider[\"registry.terraform.io/snowflake-labs/snowflake\"]",
      "instances": [
        {
          "schema_version": 0,
          "attributes": {
            "comment": "Example user created via Terraform",
            "default_namespace": "",
            "default_role": "example_role",
            "default_secondary_roles": null,
            "default_warehouse": "",
            "disabled": false,
            "display_name": "DATAOPSU2",
            "email": "example_user@example.com",
            "first_name": "",
            "has_rsa_public_key": false,
            "id": "DATAOPSU2",
            "last_name": "",
            "login_name": "DATAOPSU2",
            "must_change_password": null,
            "name": "DATAOPSU2",
            "password": "StrongPassword123!",
            "rsa_public_key": null,
            "rsa_public_key_2": null
          },
          "sensitive_attributes": [
            [
              {
                "type": "get_attr",
                "value": "display_name"
              }
            ],
            [
              {
                "type": "get_attr",
                "value": "first_name"
              }
            ],
            [
              {
                "type": "get_attr",
                "value": "password"
              }
            ],
            [
              {
                "type": "get_attr",
                "value": "last_name"
              }
            ],
            [
              {
                "type": "get_attr",
                "value": "name"
              }
            ],
            [
              {
                "type": "get_attr",
                "value": "email"
              }
            ]
          ],
          "private": "bnVsbA==",
          "dependencies": [
            "snowflake_role.example_role"
          ]
        }
      ]
    }
  ],
  "check_results": null
}
