{
  "version": 4,
  "terraform_version": "1.9.4",
  "serial": 10,
  "lineage": "42ba2eae-77a7-d543-0d84-d87bb8c54e0f",
  "outputs": {
    "database_name": {
      "value": "BMDB-2",
      "type": "string"
    },
    "schema_name": {
      "value": "EXAMPLE_SCHEMA",
      "type": "string"
    },
    "warehouse_name": {
      "value": "EXAMPLE_WH",
      "type": "string"
    }
  },
  "resources": [
    {
      "mode": "managed",
      "type": "snowflake_database",
      "name": "example_db",
      "provider": "provider[\"registry.terraform.io/snowflake-labs/snowflake\"]",
      "instances": [
        {
          "schema_version": 0,
          "attributes": {
            "comment": "Database created using Terraform",
            "data_retention_time_in_days": 1,
            "from_database": null,
            "from_replica": null,
            "from_share": null,
            "id": "BMDB-2",
            "is_transient": false,
            "name": "BMDB-2",
            "replication_configuration": []
          },
          "sensitive_attributes": [],
          "private": "bnVsbA=="
        }
      ]
    },
    {
      "mode": "managed",
      "type": "snowflake_schema",
      "name": "example_schema",
      "provider": "provider[\"registry.terraform.io/snowflake-labs/snowflake\"]",
      "instances": [
        {
          "schema_version": 0,
          "attributes": {
            "comment": "Schema created within the example database",
            "data_retention_days": 1,
            "database": "BMDB-2",
            "id": "BMDB-2|EXAMPLE_SCHEMA",
            "is_managed": false,
            "is_transient": false,
            "name": "EXAMPLE_SCHEMA",
            "tag": []
          },
          "sensitive_attributes": [],
          "private": "bnVsbA==",
          "dependencies": [
            "snowflake_database.example_db"
          ]
        }
      ]
    },
    {
      "mode": "managed",
      "type": "snowflake_warehouse",
      "name": "example_wh",
      "provider": "provider[\"registry.terraform.io/snowflake-labs/snowflake\"]",
      "instances": [
        {
          "schema_version": 0,
          "attributes": {
            "auto_resume": true,
            "auto_suspend": 60,
            "comment": "Warehouse created using Terraform",
            "enable_query_acceleration": false,
            "id": "EXAMPLE_WH",
            "initially_suspended": true,
            "max_cluster_count": 0,
            "max_concurrency_level": 8,
            "min_cluster_count": 0,
            "name": "EXAMPLE_WH",
            "query_acceleration_max_scale_factor": 8,
            "resource_monitor": "null",
            "scaling_policy": "",
            "statement_queued_timeout_in_seconds": 0,
            "statement_timeout_in_seconds": 172800,
            "wait_for_provisioning": null,
            "warehouse_size": "XSMALL",
            "warehouse_type": "STANDARD"
          },
          "sensitive_attributes": [],
          "private": "bnVsbA=="
        }
      ]
    }
  ],
  "check_results": null
}
