{
  "version": 4,
  "terraform_version": "1.9.4",
  "serial": 26,
  "lineage": "df64dbb4-1b9c-2b9c-3a54-a9e61caea408",
  "outputs": {
    "database_name": {
      "value": "BMDB-1",
      "type": "string"
    },
    "schema_name": {
      "value": "EXAMPLE_SCHEMA",
      "type": "string"
    },
    "warehouse_name": {
      "value": "EXAMPLE_WH",
      "type": "string"
    }
  },
  "resources": [
    {
      "mode": "managed",
      "type": "snowflake_database",
      "name": "example_db",
      "provider": "provider[\"registry.terraform.io/snowflake-labs/snowflake\"]",
      "instances": [
        {
          "schema_version": 0,
          "attributes": {
            "comment": "Database created using Terraform",
            "data_retention_time_in_days": 1,
            "from_database": null,
            "from_replica": null,
            "from_share": null,
            "id": "BMDB-1",
            "is_transient": false,
            "name": "BMDB-1",
            "replication_configuration": []
          },
          "sensitive_attributes": [],
          "private": "bnVsbA=="
        }
      ]
    },
    {
      "mode": "managed",
      "type": "snowflake_schema",
      "name": "example_schema",
      "provider": "provider[\"registry.terraform.io/snowflake-labs/snowflake\"]",
      "instances": [
        {
          "schema_version": 0,
          "attributes": {
            "comment": "Schema created within the example database",
            "data_retention_days": 1,
            "database": "BMDB-1",
            "id": "BMDB-1|EXAMPLE_SCHEMA",
            "is_managed": false,
            "is_transient": false,
            "name": "EXAMPLE_SCHEMA",
            "tag": []
          },
          "sensitive_attributes": [],
          "private": "bnVsbA==",
          "dependencies": [
            "snowflake_database.example_db"
          ]
        }
      ]
    }
  ],
  "check_results": null
}
